
Microsoft Visual Studio Solution File, Format Version 12.00
# Visual Studio Version 16
VisualStudioVersion = 16.0.31624.102
MinimumVisualStudioVersion = 10.0.40219.1
Project("{FAE04EC0-301F-11D3-BF4B-00C04F79EFBC}") = "DS_GabertEtienne", "WebApplication1\DS_GabertEtienne.csproj", "{F12C5BFE-ED4A-4721-B1B6-306A1F7D6086}"
EndProject
Global
	GlobalSection(SolutionConfigurationPlatforms) = preSolution
		Debug|Any CPU = Debug|Any CPU
		Release|Any CPU = Release|Any CPU
	EndGlobalSection
	GlobalSection(ProjectConfigurationPlatforms) = postSolution
		{F12C5BFE-ED4A-4721-B1B6-306A1F7D6086}.Debug|Any CPU.ActiveCfg = Debug|Any CPU
		{F12C5BFE-ED4A-4721-B1B6-306A1F7D6086}.Debug|Any CPU.Build.0 = Debug|Any CPU
		{F12C5BFE-ED4A-4721-B1B6-306A1F7D6086}.Release|Any CPU.ActiveCfg = Release|Any CPU
		{F12C5BFE-ED4A-4721-B1B6-306A1F7D6086}.Release|Any CPU.Build.0 = Release|Any CPU
	EndGlobalSection
	GlobalSection(SolutionProperties) = preSolution
		HideSolutionNode = FALSE
	EndGlobalSection
	GlobalSection(ExtensibilityGlobals) = postSolution
		SolutionGuid = {6365CEDF-5739-4C79-8CB4-F375A9377B41}
	EndGlobalSection
EndGlobal
